
Microsoft Visual Studio Solution File, Format Version 12.00
# Visual Studio 15
VisualStudioVersion = 15.0.28307.421
MinimumVisualStudioVersion = 10.0.40219.1
Project("{FAE04EC0-301F-11D3-BF4B-00C04F79EFBC}") = "SestasLaborasHough", "SestasLaborasHough\SestasLaborasHough.csproj", "{3561B2C1-E074-43C1-A3B9-257F06054FC3}"
EndProject
Global
	GlobalSection(SolutionConfigurationPlatforms) = preSolution
		Debug|Any CPU = Debug|Any CPU
		Release|Any CPU = Release|Any CPU
	EndGlobalSection
	GlobalSection(ProjectConfigurationPlatforms) = postSolution
		{3561B2C1-E074-43C1-A3B9-257F06054FC3}.Debug|Any CPU.ActiveCfg = Debug|Any CPU
		{3561B2C1-E074-43C1-A3B9-257F06054FC3}.Debug|Any CPU.Build.0 = Debug|Any CPU
		{3561B2C1-E074-43C1-A3B9-257F06054FC3}.Release|Any CPU.ActiveCfg = Release|Any CPU
		{3561B2C1-E074-43C1-A3B9-257F06054FC3}.Release|Any CPU.Build.0 = Release|Any CPU
	EndGlobalSection
	GlobalSection(SolutionProperties) = preSolution
		HideSolutionNode = FALSE
	EndGlobalSection
	GlobalSection(ExtensibilityGlobals) = postSolution
		SolutionGuid = {339D8137-A8DF-4F20-AB15-0E7F904FECE9}
	EndGlobalSection
EndGlobal
