
Microsoft Visual Studio Solution File, Format Version 12.00
# Visual Studio 15
VisualStudioVersion = 15.0.28307.421
MinimumVisualStudioVersion = 10.0.40219.1
Project("{FAE04EC0-301F-11D3-BF4B-00C04F79EFBC}") = "LampControl", "LampControl\LampControl.csproj", "{F306BDFB-E736-4F0A-BAA1-1C25BC37F955}"
EndProject
Global
	GlobalSection(SolutionConfigurationPlatforms) = preSolution
		Debug|Any CPU = Debug|Any CPU
		Release|Any CPU = Release|Any CPU
	EndGlobalSection
	GlobalSection(ProjectConfigurationPlatforms) = postSolution
		{F306BDFB-E736-4F0A-BAA1-1C25BC37F955}.Debug|Any CPU.ActiveCfg = Debug|Any CPU
		{F306BDFB-E736-4F0A-BAA1-1C25BC37F955}.Debug|Any CPU.Build.0 = Debug|Any CPU
		{F306BDFB-E736-4F0A-BAA1-1C25BC37F955}.Release|Any CPU.ActiveCfg = Release|Any CPU
		{F306BDFB-E736-4F0A-BAA1-1C25BC37F955}.Release|Any CPU.Build.0 = Release|Any CPU
	EndGlobalSection
	GlobalSection(SolutionProperties) = preSolution
		HideSolutionNode = FALSE
	EndGlobalSection
	GlobalSection(ExtensibilityGlobals) = postSolution
		SolutionGuid = {A5961653-4B81-45DB-9EFD-A1B90F6DB5AB}
	EndGlobalSection
EndGlobal
