
Microsoft Visual Studio Solution File, Format Version 12.00
# Visual Studio 15
VisualStudioVersion = 15.0.28307.421
MinimumVisualStudioVersion = 10.0.40219.1
Project("{FAE04EC0-301F-11D3-BF4B-00C04F79EFBC}") = "OroSalyguAtpazinimas", "OroSalyguAtpazinimas\OroSalyguAtpazinimas.csproj", "{0032087E-BB6E-4427-98ED-8285ACCDDB56}"
EndProject
Global
	GlobalSection(SolutionConfigurationPlatforms) = preSolution
		Debug|Any CPU = Debug|Any CPU
		Release|Any CPU = Release|Any CPU
	EndGlobalSection
	GlobalSection(ProjectConfigurationPlatforms) = postSolution
		{0032087E-BB6E-4427-98ED-8285ACCDDB56}.Debug|Any CPU.ActiveCfg = Debug|Any CPU
		{0032087E-BB6E-4427-98ED-8285ACCDDB56}.Debug|Any CPU.Build.0 = Debug|Any CPU
		{0032087E-BB6E-4427-98ED-8285ACCDDB56}.Release|Any CPU.ActiveCfg = Release|Any CPU
		{0032087E-BB6E-4427-98ED-8285ACCDDB56}.Release|Any CPU.Build.0 = Release|Any CPU
	EndGlobalSection
	GlobalSection(SolutionProperties) = preSolution
		HideSolutionNode = FALSE
	EndGlobalSection
	GlobalSection(ExtensibilityGlobals) = postSolution
		SolutionGuid = {AD7F722B-3B99-4CCC-AADC-D93E30A1C83A}
	EndGlobalSection
EndGlobal
